
Microsoft Visual Studio Solution File, Format Version 12.00
# Visual Studio Version 16
VisualStudioVersion = 16.0.30114.105
MinimumVisualStudioVersion = 10.0.40219.1
Project("{FAE04EC0-301F-11D3-BF4B-00C04F79EFBC}") = "BackendReservas.Api", "BackendReservas.Api\BackendReservas.Api.csproj", "{55D1B851-82C5-47D3-BD00-E1366C50E6C4}"
EndProject
Project("{FAE04EC0-301F-11D3-BF4B-00C04F79EFBC}") = "BackendReservas.Service", "BackendReservas.Service\BackendReservas.Service.csproj", "{2382A78C-8941-4DFF-88DD-B6C2BA594F5A}"
EndProject
Project("{FAE04EC0-301F-11D3-BF4B-00C04F79EFBC}") = "BackendReservas.Tests", "BackendReservas.Tests\BackendReservas.Tests.csproj", "{022FD669-0CFB-432A-B8E8-370D2935C100}"
EndProject
Global
	GlobalSection(SolutionConfigurationPlatforms) = preSolution
		Debug|Any CPU = Debug|Any CPU
		Debug|x64 = Debug|x64
		Debug|x86 = Debug|x86
		Release|Any CPU = Release|Any CPU
		Release|x64 = Release|x64
		Release|x86 = Release|x86
	EndGlobalSection
	GlobalSection(SolutionProperties) = preSolution
		HideSolutionNode = FALSE
	EndGlobalSection
	GlobalSection(ProjectConfigurationPlatforms) = postSolution
		{55D1B851-82C5-47D3-BD00-E1366C50E6C4}.Debug|Any CPU.ActiveCfg = Debug|Any CPU
		{55D1B851-82C5-47D3-BD00-E1366C50E6C4}.Debug|Any CPU.Build.0 = Debug|Any CPU
		{55D1B851-82C5-47D3-BD00-E1366C50E6C4}.Debug|x64.ActiveCfg = Debug|Any CPU
		{55D1B851-82C5-47D3-BD00-E1366C50E6C4}.Debug|x64.Build.0 = Debug|Any CPU
		{55D1B851-82C5-47D3-BD00-E1366C50E6C4}.Debug|x86.ActiveCfg = Debug|Any CPU
		{55D1B851-82C5-47D3-BD00-E1366C50E6C4}.Debug|x86.Build.0 = Debug|Any CPU
		{55D1B851-82C5-47D3-BD00-E1366C50E6C4}.Release|Any CPU.ActiveCfg = Release|Any CPU
		{55D1B851-82C5-47D3-BD00-E1366C50E6C4}.Release|Any CPU.Build.0 = Release|Any CPU
		{55D1B851-82C5-47D3-BD00-E1366C50E6C4}.Release|x64.ActiveCfg = Release|Any CPU
		{55D1B851-82C5-47D3-BD00-E1366C50E6C4}.Release|x64.Build.0 = Release|Any CPU
		{55D1B851-82C5-47D3-BD00-E1366C50E6C4}.Release|x86.ActiveCfg = Release|Any CPU
		{55D1B851-82C5-47D3-BD00-E1366C50E6C4}.Release|x86.Build.0 = Release|Any CPU
		{2382A78C-8941-4DFF-88DD-B6C2BA594F5A}.Debug|Any CPU.ActiveCfg = Debug|Any CPU
		{2382A78C-8941-4DFF-88DD-B6C2BA594F5A}.Debug|Any CPU.Build.0 = Debug|Any CPU
		{2382A78C-8941-4DFF-88DD-B6C2BA594F5A}.Debug|x64.ActiveCfg = Debug|Any CPU
		{2382A78C-8941-4DFF-88DD-B6C2BA594F5A}.Debug|x64.Build.0 = Debug|Any CPU
		{2382A78C-8941-4DFF-88DD-B6C2BA594F5A}.Debug|x86.ActiveCfg = Debug|Any CPU
		{2382A78C-8941-4DFF-88DD-B6C2BA594F5A}.Debug|x86.Build.0 = Debug|Any CPU
		{2382A78C-8941-4DFF-88DD-B6C2BA594F5A}.Release|Any CPU.ActiveCfg = Release|Any CPU
		{2382A78C-8941-4DFF-88DD-B6C2BA594F5A}.Release|Any CPU.Build.0 = Release|Any CPU
		{2382A78C-8941-4DFF-88DD-B6C2BA594F5A}.Release|x64.ActiveCfg = Release|Any CPU
		{2382A78C-8941-4DFF-88DD-B6C2BA594F5A}.Release|x64.Build.0 = Release|Any CPU
		{2382A78C-8941-4DFF-88DD-B6C2BA594F5A}.Release|x86.ActiveCfg = Release|Any CPU
		{2382A78C-8941-4DFF-88DD-B6C2BA594F5A}.Release|x86.Build.0 = Release|Any CPU
		{022FD669-0CFB-432A-B8E8-370D2935C100}.Debug|Any CPU.ActiveCfg = Debug|Any CPU
		{022FD669-0CFB-432A-B8E8-370D2935C100}.Debug|Any CPU.Build.0 = Debug|Any CPU
		{022FD669-0CFB-432A-B8E8-370D2935C100}.Debug|x64.ActiveCfg = Debug|Any CPU
		{022FD669-0CFB-432A-B8E8-370D2935C100}.Debug|x64.Build.0 = Debug|Any CPU
		{022FD669-0CFB-432A-B8E8-370D2935C100}.Debug|x86.ActiveCfg = Debug|Any CPU
		{022FD669-0CFB-432A-B8E8-370D2935C100}.Debug|x86.Build.0 = Debug|Any CPU
		{022FD669-0CFB-432A-B8E8-370D2935C100}.Release|Any CPU.ActiveCfg = Release|Any CPU
		{022FD669-0CFB-432A-B8E8-370D2935C100}.Release|Any CPU.Build.0 = Release|Any CPU
		{022FD669-0CFB-432A-B8E8-370D2935C100}.Release|x64.ActiveCfg = Release|Any CPU
		{022FD669-0CFB-432A-B8E8-370D2935C100}.Release|x64.Build.0 = Release|Any CPU
		{022FD669-0CFB-432A-B8E8-370D2935C100}.Release|x86.ActiveCfg = Release|Any CPU
		{022FD669-0CFB-432A-B8E8-370D2935C100}.Release|x86.Build.0 = Release|Any CPU
	EndGlobalSection
EndGlobal
